
Microsoft Visual Studio Solution File, Format Version 12.00
# Visual Studio Version 17
VisualStudioVersion = 17.2.32519.379
MinimumVisualStudioVersion = 10.0.40219.1
Project("{FAE04EC0-301F-11D3-BF4B-00C04F79EFBC}") = "TesseractApp", "TesseractApp\TesseractApp.csproj", "{1934ADA2-BAE2-41A2-8482-946FF64E7E5F}"
EndProject
Project("{FAE04EC0-301F-11D3-BF4B-00C04F79EFBC}") = "Graphics", "Graphics\Graphics.csproj", "{3615C05E-94AE-4093-9832-A88C27981FE4}"
EndProject
Global
	GlobalSection(SolutionConfigurationPlatforms) = preSolution
		Debug|Any CPU = Debug|Any CPU
		Release|Any CPU = Release|Any CPU
	EndGlobalSection
	GlobalSection(ProjectConfigurationPlatforms) = postSolution
		{1934ADA2-BAE2-41A2-8482-946FF64E7E5F}.Debug|Any CPU.ActiveCfg = Debug|Any CPU
		{1934ADA2-BAE2-41A2-8482-946FF64E7E5F}.Debug|Any CPU.Build.0 = Debug|Any CPU
		{1934ADA2-BAE2-41A2-8482-946FF64E7E5F}.Release|Any CPU.ActiveCfg = Release|Any CPU
		{1934ADA2-BAE2-41A2-8482-946FF64E7E5F}.Release|Any CPU.Build.0 = Release|Any CPU
		{3615C05E-94AE-4093-9832-A88C27981FE4}.Debug|Any CPU.ActiveCfg = Debug|Any CPU
		{3615C05E-94AE-4093-9832-A88C27981FE4}.Debug|Any CPU.Build.0 = Debug|Any CPU
		{3615C05E-94AE-4093-9832-A88C27981FE4}.Release|Any CPU.ActiveCfg = Release|Any CPU
		{3615C05E-94AE-4093-9832-A88C27981FE4}.Release|Any CPU.Build.0 = Release|Any CPU
	EndGlobalSection
	GlobalSection(SolutionProperties) = preSolution
		HideSolutionNode = FALSE
	EndGlobalSection
	GlobalSection(ExtensibilityGlobals) = postSolution
		SolutionGuid = {8E2057AD-6C07-4D7F-9C55-1ECBBDC52187}
	EndGlobalSection
EndGlobal
